// !$*UTF8*$!
{
	archiveVersion = 1;
	classes = {
	};
	objectVersion = 56;
	objects = {

/* Begin PBXBuildFile section */
		8D39DFA82F2BAAE6007D44E5 /* TitleCollectionViewCell.swift in Sources */ = {isa = PBXBuildFile; fileRef = 8D39DFA72F2BAAE6007D44E5 /* TitleCollectionViewCell.swift */; };
		8D494E6E2F2A5D120004C680 /* APICaller.swift in Sources */ = {isa = PBXBuildFile; fileRef = 8D494E6D2F2A5D120004C680 /* APICaller.swift */; };
		8D494E702F2A71D50004C680 /* Title.swift in Sources */ = {isa = PBXBuildFile; fileRef = 8D494E6F2F2A71D50004C680 /* Title.swift */; };
		8D494E722F2AC35B0004C680 /* Extensions.swift in Sources */ = {isa = PBXBuildFile; fileRef = 8D494E712F2AC35B0004C680 /* Extensions.swift */; };
		8D53216A2F2D0EE800E9ACE4 /* TitleTableViewCell.swift in Sources */ = {isa = PBXBuildFile; fileRef = 8D5321692F2D0EE800E9ACE4 /* TitleTableViewCell.swift */; };
		8D75753B2F2421DF00532147 /* AppDelegate.swift in Sources */ = {isa = PBXBuildFile; fileRef = 8D75753A2F2421DF00532147 /* AppDelegate.swift */; };
		8D75753D2F2421DF00532147 /* SceneDelegate.swift in Sources */ = {isa = PBXBuildFile; fileRef = 8D75753C2F2421DF00532147 /* SceneDelegate.swift */; };
		8D75753F2F2421DF00532147 /* MainTabBarViewController.swift in Sources */ = {isa = PBXBuildFile; fileRef = 8D75753E2F2421DF00532147 /* MainTabBarViewController.swift */; };
		8D7575442F2421E200532147 /* Assets.xcassets in Resources */ = {isa = PBXBuildFile; fileRef = 8D7575432F2421E200532147 /* Assets.xcassets */; };
		8D7575472F2421E200532147 /* LaunchScreen.storyboard in Resources */ = {isa = PBXBuildFile; fileRef = 8D7575452F2421E200532147 /* LaunchScreen.storyboard */; };
		8D7575502F24281900532147 /* HomeViewController.swift in Sources */ = {isa = PBXBuildFile; fileRef = 8D75754F2F24281900532147 /* HomeViewController.swift */; };
		8D7575522F24285C00532147 /* UpComingViewController.swift in Sources */ = {isa = PBXBuildFile; fileRef = 8D7575512F24285C00532147 /* UpComingViewController.swift */; };
		8D75755F2F242A3500532147 /* SearchViewController.swift in Sources */ = {isa = PBXBuildFile; fileRef = 8D75755E2F242A3500532147 /* SearchViewController.swift */; };
		8D7575612F242A6C00532147 /* DownloadsViewController.swift in Sources */ = {isa = PBXBuildFile; fileRef = 8D7575602F242A6C00532147 /* DownloadsViewController.swift */; };
		8DA35B692F27D2AA006A7383 /* CollectionViewTableViewCell.swift in Sources */ = {isa = PBXBuildFile; fileRef = 8DA35B682F27D2AA006A7383 /* CollectionViewTableViewCell.swift */; };
		8DA35B6B2F27FD95006A7383 /* HeroHeaderUIView.swift in Sources */ = {isa = PBXBuildFile; fileRef = 8DA35B6A2F27FD95006A7383 /* HeroHeaderUIView.swift */; };
/* End PBXBuildFile section */

/* Begin PBXFileReference section */
		8D39DFA72F2BAAE6007D44E5 /* TitleCollectionViewCell.swift */ = {isa = PBXFileReference; lastKnownFileType = sourcecode.swift; path = TitleCollectionViewCell.swift; sourceTree = "<group>"; };
		8D494E6D2F2A5D120004C680 /* APICaller.swift */ = {isa = PBXFileReference; lastKnownFileType = sourcecode.swift; path = APICaller.swift; sourceTree = "<group>"; };
		8D494E6F2F2A71D50004C680 /* Title.swift */ = {isa = PBXFileReference; lastKnownFileType = sourcecode.swift; path = Title.swift; sourceTree = "<group>"; };
		8D494E712F2AC35B0004C680 /* Extensions.swift */ = {isa = PBXFileReference; lastKnownFileType = sourcecode.swift; path = Extensions.swift; sourceTree = "<group>"; };
		8D5321692F2D0EE800E9ACE4 /* TitleTableViewCell.swift */ = {isa = PBXFileReference; lastKnownFileType = sourcecode.swift; path = TitleTableViewCell.swift; sourceTree = "<group>"; };
		8D7575372F2421DF00532147 /* Netflix Clone.app */ = {isa = PBXFileReference; explicitFileType = wrapper.application; includeInIndex = 0; path = "Netflix Clone.app"; sourceTree = BUILT_PRODUCTS_DIR; };
		8D75753A2F2421DF00532147 /* AppDelegate.swift */ = {isa = PBXFileReference; lastKnownFileType = sourcecode.swift; path = AppDelegate.swift; sourceTree = "<group>"; };
		8D75753C2F2421DF00532147 /* SceneDelegate.swift */ = {isa = PBXFileReference; lastKnownFileType = sourcecode.swift; path = SceneDelegate.swift; sourceTree = "<group>"; };
		8D75753E2F2421DF00532147 /* MainTabBarViewController.swift */ = {isa = PBXFileReference; lastKnownFileType = sourcecode.swift; path = MainTabBarViewController.swift; sourceTree = "<group>"; };
		8D7575432F2421E200532147 /* Assets.xcassets */ = {isa = PBXFileReference; lastKnownFileType = folder.assetcatalog; path = Assets.xcassets; sourceTree = "<group>"; };
		8D7575462F2421E200532147 /* Base */ = {isa = PBXFileReference; lastKnownFileType = file.storyboard; name = Base; path = Base.lproj/LaunchScreen.storyboard; sourceTree = "<group>"; };
		8D7575482F2421E200532147 /* Info.plist */ = {isa = PBXFileReference; lastKnownFileType = text.plist.xml; path = Info.plist; sourceTree = "<group>"; };
		8D75754F2F24281900532147 /* HomeViewController.swift */ = {isa = PBXFileReference; lastKnownFileType = sourcecode.swift; path = HomeViewController.swift; sourceTree = "<group>"; };
		8D7575512F24285C00532147 /* UpComingViewController.swift */ = {isa = PBXFileReference; lastKnownFileType = sourcecode.swift; path = UpComingViewController.swift; sourceTree = "<group>"; };
		8D75755E2F242A3500532147 /* SearchViewController.swift */ = {isa = PBXFileReference; lastKnownFileType = sourcecode.swift; path = SearchViewController.swift; sourceTree = "<group>"; };
		8D7575602F242A6C00532147 /* DownloadsViewController.swift */ = {isa = PBXFileReference; lastKnownFileType = sourcecode.swift; path = DownloadsViewController.swift; sourceTree = "<group>"; };
		8DA35B682F27D2AA006A7383 /* CollectionViewTableViewCell.swift */ = {isa = PBXFileReference; lastKnownFileType = sourcecode.swift; path = CollectionViewTableViewCell.swift; sourceTree = "<group>"; };
		8DA35B6A2F27FD95006A7383 /* HeroHeaderUIView.swift */ = {isa = PBXFileReference; lastKnownFileType = sourcecode.swift; path = HeroHeaderUIView.swift; sourceTree = "<group>"; };
/* End PBXFileReference section */

/* Begin PBXFrameworksBuildPhase section */
		8D7575342F2421DF00532147 /* Frameworks */ = {
			isa = PBXFrameworksBuildPhase;
			buildActionMask = 2147483647;
			files = (
			);
			runOnlyForDeploymentPostprocessing = 0;
		};
/* End PBXFrameworksBuildPhase section */

/* Begin PBXGroup section */
		2870A66DBC8FB4C89574712F /* Pods */ = {
			isa = PBXGroup;
			children = (
			);
			path = Pods;
			sourceTree = "<group>";
		};
		8D75752E2F2421DF00532147 = {
			isa = PBXGroup;
			children = (
				8D7575392F2421DF00532147 /* Netflix Clone */,
				8D7575382F2421DF00532147 /* Products */,
				2870A66DBC8FB4C89574712F /* Pods */,
			);
			sourceTree = "<group>";
		};
		8D7575382F2421DF00532147 /* Products */ = {
			isa = PBXGroup;
			children = (
				8D7575372F2421DF00532147 /* Netflix Clone.app */,
			);
			name = Products;
			sourceTree = "<group>";
		};
		8D7575392F2421DF00532147 /* Netflix Clone */ = {
			isa = PBXGroup;
			children = (
				8DA35B672F27D18E006A7383 /* Managers */,
				8DA35B662F27D180006A7383 /* Resources */,
				8DA35B652F27D10E006A7383 /* Models */,
				8DA35B632F27D0DB006A7383 /* Views */,
				8DA35B642F27D0F1006A7383 /* ViewModels */,
				8D75754E2F2427F300532147 /* Controllers */,
				8D75753A2F2421DF00532147 /* AppDelegate.swift */,
				8D75753C2F2421DF00532147 /* SceneDelegate.swift */,
				8D75753E2F2421DF00532147 /* MainTabBarViewController.swift */,
				8D7575432F2421E200532147 /* Assets.xcassets */,
				8D7575452F2421E200532147 /* LaunchScreen.storyboard */,
				8D7575482F2421E200532147 /* Info.plist */,
			);
			path = "Netflix Clone";
			sourceTree = "<group>";
		};
		8D75754E2F2427F300532147 /* Controllers */ = {
			isa = PBXGroup;
			children = (
				8D75754F2F24281900532147 /* HomeViewController.swift */,
				8D7575512F24285C00532147 /* UpComingViewController.swift */,
				8D75755E2F242A3500532147 /* SearchViewController.swift */,
				8D7575602F242A6C00532147 /* DownloadsViewController.swift */,
			);
			path = Controllers;
			sourceTree = "<group>";
		};
		8DA35B632F27D0DB006A7383 /* Views */ = {
			isa = PBXGroup;
			children = (
				8DA35B682F27D2AA006A7383 /* CollectionViewTableViewCell.swift */,
				8DA35B6A2F27FD95006A7383 /* HeroHeaderUIView.swift */,
				8D39DFA72F2BAAE6007D44E5 /* TitleCollectionViewCell.swift */,
				8D5321692F2D0EE800E9ACE4 /* TitleTableViewCell.swift */,
			);
			path = Views;
			sourceTree = "<group>";
		};
		8DA35B642F27D0F1006A7383 /* ViewModels */ = {
			isa = PBXGroup;
			children = (
			);
			path = ViewModels;
			sourceTree = "<group>";
		};
		8DA35B652F27D10E006A7383 /* Models */ = {
			isa = PBXGroup;
			children = (
				8D494E6F2F2A71D50004C680 /* Title.swift */,
			);
			path = Models;
			sourceTree = "<group>";
		};
		8DA35B662F27D180006A7383 /* Resources */ = {
			isa = PBXGroup;
			children = (
				8D494E712F2AC35B0004C680 /* Extensions.swift */,
			);
			path = Resources;
			sourceTree = "<group>";
		};
		8DA35B672F27D18E006A7383 /* Managers */ = {
			isa = PBXGroup;
			children = (
				8D494E6D2F2A5D120004C680 /* APICaller.swift */,
			);
			path = Managers;
			sourceTree = "<group>";
		};
/* End PBXGroup section */

/* Begin PBXNativeTarget section */
		8D7575362F2421DF00532147 /* Netflix Clone */ = {
			isa = PBXNativeTarget;
			buildConfigurationList = 8D75754B2F2421E200532147 /* Build configuration list for PBXNativeTarget "Netflix Clone" */;
			buildPhases = (
				8D7575332F2421DF00532147 /* Sources */,
				8D7575342F2421DF00532147 /* Frameworks */,
				8D7575352F2421DF00532147 /* Resources */,
			);
			buildRules = (
			);
			dependencies = (
			);
			name = "Netflix Clone";
			productName = "Netflix Clone";
			productReference = 8D7575372F2421DF00532147 /* Netflix Clone.app */;
			productType = "com.apple.product-type.application";
		};
/* End PBXNativeTarget section */

/* Begin PBXProject section */
		8D75752F2F2421DF00532147 /* Project object */ = {
			isa = PBXProject;
			attributes = {
				BuildIndependentTargetsInParallel = 1;
				LastSwiftUpdateCheck = 1420;
				LastUpgradeCheck = 1420;
				TargetAttributes = {
					8D7575362F2421DF00532147 = {
						CreatedOnToolsVersion = 14.2;
					};
				};
			};
			buildConfigurationList = 8D7575322F2421DF00532147 /* Build configuration list for PBXProject "Netflix Clone" */;
			compatibilityVersion = "Xcode 14.0";
			developmentRegion = en;
			hasScannedForEncodings = 0;
			knownRegions = (
				en,
				Base,
			);
			mainGroup = 8D75752E2F2421DF00532147;
			productRefGroup = 8D7575382F2421DF00532147 /* Products */;
			projectDirPath = "";
			projectRoot = "";
			targets = (
				8D7575362F2421DF00532147 /* Netflix Clone */,
			);
		};
/* End PBXProject section */

/* Begin PBXResourcesBuildPhase section */
		8D7575352F2421DF00532147 /* Resources */ = {
			isa = PBXResourcesBuildPhase;
			buildActionMask = 2147483647;
			files = (
				8D7575472F2421E200532147 /* LaunchScreen.storyboard in Resources */,
				8D7575442F2421E200532147 /* Assets.xcassets in Resources */,
			);
			runOnlyForDeploymentPostprocessing = 0;
		};
/* End PBXResourcesBuildPhase section */

/* Begin PBXSourcesBuildPhase section */
		8D7575332F2421DF00532147 /* Sources */ = {
			isa = PBXSourcesBuildPhase;
			buildActionMask = 2147483647;
			files = (
				8D53216A2F2D0EE800E9ACE4 /* TitleTableViewCell.swift in Sources */,
				8D75755F2F242A3500532147 /* SearchViewController.swift in Sources */,
				8D39DFA82F2BAAE6007D44E5 /* TitleCollectionViewCell.swift in Sources */,
				8D75753F2F2421DF00532147 /* MainTabBarViewController.swift in Sources */,
				8DA35B692F27D2AA006A7383 /* CollectionViewTableViewCell.swift in Sources */,
				8D494E6E2F2A5D120004C680 /* APICaller.swift in Sources */,
				8DA35B6B2F27FD95006A7383 /* HeroHeaderUIView.swift in Sources */,
				8D7575612F242A6C00532147 /* DownloadsViewController.swift in Sources */,
				8D75753B2F2421DF00532147 /* AppDelegate.swift in Sources */,
				8D494E722F2AC35B0004C680 /* Extensions.swift in Sources */,
				8D7575522F24285C00532147 /* UpComingViewController.swift in Sources */,
				8D75753D2F2421DF00532147 /* SceneDelegate.swift in Sources */,
				8D494E702F2A71D50004C680 /* Title.swift in Sources */,
				8D7575502F24281900532147 /* HomeViewController.swift in Sources */,
			);
			runOnlyForDeploymentPostprocessing = 0;
		};
/* End PBXSourcesBuildPhase section */

/* Begin PBXVariantGroup section */
		8D7575452F2421E200532147 /* LaunchScreen.storyboard */ = {
			isa = PBXVariantGroup;
			children = (
				8D7575462F2421E200532147 /* Base */,
			);
			name = LaunchScreen.storyboard;
			sourceTree = "<group>";
		};
/* End PBXVariantGroup section */

/* Begin XCBuildConfiguration section */
		8D7575492F2421E200532147 /* Debug */ = {
			isa = XCBuildConfiguration;
			buildSettings = {
				ALWAYS_SEARCH_USER_PATHS = NO;
				CLANG_ANALYZER_NONNULL = YES;
				CLANG_ANALYZER_NUMBER_OBJECT_CONVERSION = YES_AGGRESSIVE;
				CLANG_CXX_LANGUAGE_STANDARD = "gnu++20";
				CLANG_ENABLE_MODULES = YES;
				CLANG_ENABLE_OBJC_ARC = YES;
				CLANG_ENABLE_OBJC_WEAK = YES;
				CLANG_WARN_BLOCK_CAPTURE_AUTORELEASING = YES;
				CLANG_WARN_BOOL_CONVERSION = YES;
				CLANG_WARN_COMMA = YES;
				CLANG_WARN_CONSTANT_CONVERSION = YES;
				CLANG_WARN_DEPRECATED_OBJC_IMPLEMENTATIONS = YES;
				CLANG_WARN_DIRECT_OBJC_ISA_USAGE = YES_ERROR;
				CLANG_WARN_DOCUMENTATION_COMMENTS = YES;
				CLANG_WARN_EMPTY_BODY = YES;
				CLANG_WARN_ENUM_CONVERSION = YES;
				CLANG_WARN_INFINITE_RECURSION = YES;
				CLANG_WARN_INT_CONVERSION = YES;
				CLANG_WARN_NON_LITERAL_NULL_CONVERSION = YES;
				CLANG_WARN_OBJC_IMPLICIT_RETAIN_SELF = YES;
				CLANG_WARN_OBJC_LITERAL_CONVERSION = YES;
				CLANG_WARN_OBJC_ROOT_CLASS = YES_ERROR;
				CLANG_WARN_QUOTED_INCLUDE_IN_FRAMEWORK_HEADER = YES;
				CLANG_WARN_RANGE_LOOP_ANALYSIS = YES;
				CLANG_WARN_STRICT_PROTOTYPES = YES;
				CLANG_WARN_SUSPICIOUS_MOVE = YES;
				CLANG_WARN_UNGUARDED_AVAILABILITY = YES_AGGRESSIVE;
				CLANG_WARN_UNREACHABLE_CODE = YES;
				CLANG_WARN__DUPLICATE_METHOD_MATCH = YES;
				COPY_PHASE_STRIP = NO;
				DEBUG_INFORMATION_FORMAT = dwarf;
				ENABLE_STRICT_OBJC_MSGSEND = YES;
				ENABLE_TESTABILITY = YES;
				GCC_C_LANGUAGE_STANDARD = gnu11;
				GCC_DYNAMIC_NO_PIC = NO;
				GCC_NO_COMMON_BLOCKS = YES;
				GCC_OPTIMIZATION_LEVEL = 0;
				GCC_PREPROCESSOR_DEFINITIONS = (
					"DEBUG=1",
					"$(inherited)",
				);
				GCC_WARN_64_TO_32_BIT_CONVERSION = YES;
				GCC_WARN_ABOUT_RETURN_TYPE = YES_ERROR;
				GCC_WARN_UNDECLARED_SELECTOR = YES;
				GCC_WARN_UNINITIALIZED_AUTOS = YES_AGGRESSIVE;
				GCC_WARN_UNUSED_FUNCTION = YES;
				GCC_WARN_UNUSED_VARIABLE = YES;
				IPHONEOS_DEPLOYMENT_TARGET = 16.2;
				MTL_ENABLE_DEBUG_INFO = INCLUDE_SOURCE;
				MTL_FAST_MATH = YES;
				ONLY_ACTIVE_ARCH = YES;
				SDKROOT = iphoneos;
				SWIFT_ACTIVE_COMPILATION_CONDITIONS = DEBUG;
				SWIFT_OPTIMIZATION_LEVEL = "-Onone";
			};
			name = Debug;
		};
		8D75754A2F2421E200532147 /* Release */ = {
			isa = XCBuildConfiguration;
			buildSettings = {
				ALWAYS_SEARCH_USER_PATHS = NO;
				CLANG_ANALYZER_NONNULL = YES;
				CLANG_ANALYZER_NUMBER_OBJECT_CONVERSION = YES_AGGRESSIVE;
				CLANG_CXX_LANGUAGE_STANDARD = "gnu++20";
				CLANG_ENABLE_MODULES = YES;
				CLANG_ENABLE_OBJC_ARC = YES;
				CLANG_ENABLE_OBJC_WEAK = YES;
				CLANG_WARN_BLOCK_CAPTURE_AUTORELEASING = YES;
				CLANG_WARN_BOOL_CONVERSION = YES;
				CLANG_WARN_COMMA = YES;
				CLANG_WARN_CONSTANT_CONVERSION = YES;
				CLANG_WARN_DEPRECATED_OBJC_IMPLEMENTATIONS = YES;
				CLANG_WARN_DIRECT_OBJC_ISA_USAGE = YES_ERROR;
				CLANG_WARN_DOCUMENTATION_COMMENTS = YES;
				CLANG_WARN_EMPTY_BODY = YES;
				CLANG_WARN_ENUM_CONVERSION = YES;
				CLANG_WARN_INFINITE_RECURSION = YES;
				CLANG_WARN_INT_CONVERSION = YES;
				CLANG_WARN_NON_LITERAL_NULL_CONVERSION = YES;
				CLANG_WARN_OBJC_IMPLICIT_RETAIN_SELF = YES;
				CLANG_WARN_OBJC_LITERAL_CONVERSION = YES;
				CLANG_WARN_OBJC_ROOT_CLASS = YES_ERROR;
				CLANG_WARN_QUOTED_INCLUDE_IN_FRAMEWORK_HEADER = YES;
				CLANG_WARN_RANGE_LOOP_ANALYSIS = YES;
				CLANG_WARN_STRICT_PROTOTYPES = YES;
				CLANG_WARN_SUSPICIOUS_MOVE = YES;
				CLANG_WARN_UNGUARDED_AVAILABILITY = YES_AGGRESSIVE;
				CLANG_WARN_UNREACHABLE_CODE = YES;
				CLANG_WARN__DUPLICATE_METHOD_MATCH = YES;
				COPY_PHASE_STRIP = NO;
				DEBUG_INFORMATION_FORMAT = "dwarf-with-dsym";
				ENABLE_NS_ASSERTIONS = NO;
				ENABLE_STRICT_OBJC_MSGSEND = YES;
				GCC_C_LANGUAGE_STANDARD = gnu11;
				GCC_NO_COMMON_BLOCKS = YES;
				GCC_WARN_64_TO_32_BIT_CONVERSION = YES;
				GCC_WARN_ABOUT_RETURN_TYPE = YES_ERROR;
				GCC_WARN_UNDECLARED_SELECTOR = YES;
				GCC_WARN_UNINITIALIZED_AUTOS = YES_AGGRESSIVE;
				GCC_WARN_UNUSED_FUNCTION = YES;
				GCC_WARN_UNUSED_VARIABLE = YES;
				IPHONEOS_DEPLOYMENT_TARGET = 16.2;
				MTL_ENABLE_DEBUG_INFO = NO;
				MTL_FAST_MATH = YES;
				SDKROOT = iphoneos;
				SWIFT_COMPILATION_MODE = wholemodule;
				SWIFT_OPTIMIZATION_LEVEL = "-O";
				VALIDATE_PRODUCT = YES;
			};
			name = Release;
		};
		8D75754C2F2421E200532147 /* Debug */ = {
			isa = XCBuildConfiguration;
			buildSettings = {
				ASSETCATALOG_COMPILER_APPICON_NAME = AppIcon;
				ASSETCATALOG_COMPILER_GLOBAL_ACCENT_COLOR_NAME = AccentColor;
				CODE_SIGN_STYLE = Automatic;
				CURRENT_PROJECT_VERSION = 1;
				DEVELOPMENT_TEAM = S52ZRS44GD;
				GENERATE_INFOPLIST_FILE = YES;
				INFOPLIST_FILE = "Netflix Clone/Info.plist";
				INFOPLIST_KEY_UIApplicationSupportsIndirectInputEvents = YES;
				INFOPLIST_KEY_UILaunchStoryboardName = LaunchScreen;
				INFOPLIST_KEY_UISupportedInterfaceOrientations_iPad = "UIInterfaceOrientationPortrait UIInterfaceOrientationPortraitUpsideDown UIInterfaceOrientationLandscapeLeft UIInterfaceOrientationLandscapeRight";
				INFOPLIST_KEY_UISupportedInterfaceOrientations_iPhone = "UIInterfaceOrientationPortrait UIInterfaceOrientationLandscapeLeft UIInterfaceOrientationLandscapeRight";
				LD_RUNPATH_SEARCH_PATHS = (
					"$(inherited)",
					"@executable_path/Frameworks",
				);
				MARKETING_VERSION = 1.0;
				PRODUCT_BUNDLE_IDENTIFIER = "com.daniel.Netflix-Clone";
				PRODUCT_NAME = "$(TARGET_NAME)";
				SWIFT_EMIT_LOC_STRINGS = YES;
				SWIFT_VERSION = 5.0;
				TARGETED_DEVICE_FAMILY = "1,2";
			};
			name = Debug;
		};
		8D75754D2F2421E200532147 /* Release */ = {
			isa = XCBuildConfiguration;
			buildSettings = {
				ASSETCATALOG_COMPILER_APPICON_NAME = AppIcon;
				ASSETCATALOG_COMPILER_GLOBAL_ACCENT_COLOR_NAME = AccentColor;
				CODE_SIGN_STYLE = Automatic;
				CURRENT_PROJECT_VERSION = 1;
				DEVELOPMENT_TEAM = S52ZRS44GD;
				GENERATE_INFOPLIST_FILE = YES;
				INFOPLIST_FILE = "Netflix Clone/Info.plist";
				INFOPLIST_KEY_UIApplicationSupportsIndirectInputEvents = YES;
				INFOPLIST_KEY_UILaunchStoryboardName = LaunchScreen;
				INFOPLIST_KEY_UISupportedInterfaceOrientations_iPad = "UIInterfaceOrientationPortrait UIInterfaceOrientationPortraitUpsideDown UIInterfaceOrientationLandscapeLeft UIInterfaceOrientationLandscapeRight";
				INFOPLIST_KEY_UISupportedInterfaceOrientations_iPhone = "UIInterfaceOrientationPortrait UIInterfaceOrientationLandscapeLeft UIInterfaceOrientationLandscapeRight";
				LD_RUNPATH_SEARCH_PATHS = (
					"$(inherited)",
					"@executable_path/Frameworks",
				);
				MARKETING_VERSION = 1.0;
				PRODUCT_BUNDLE_IDENTIFIER = "com.daniel.Netflix-Clone";
				PRODUCT_NAME = "$(TARGET_NAME)";
				SWIFT_EMIT_LOC_STRINGS = YES;
				SWIFT_VERSION = 5.0;
				TARGETED_DEVICE_FAMILY = "1,2";
			};
			name = Release;
		};
/* End XCBuildConfiguration section */

/* Begin XCConfigurationList section */
		8D7575322F2421DF00532147 /* Build configuration list for PBXProject "Netflix Clone" */ = {
			isa = XCConfigurationList;
			buildConfigurations = (
				8D7575492F2421E200532147 /* Debug */,
				8D75754A2F2421E200532147 /* Release */,
			);
			defaultConfigurationIsVisible = 0;
			defaultConfigurationName = Release;
		};
		8D75754B2F2421E200532147 /* Build configuration list for PBXNativeTarget "Netflix Clone" */ = {
			isa = XCConfigurationList;
			buildConfigurations = (
				8D75754C2F2421E200532147 /* Debug */,
				8D75754D2F2421E200532147 /* Release */,
			);
			defaultConfigurationIsVisible = 0;
			defaultConfigurationName = Release;
		};
/* End XCConfigurationList section */
	};
	rootObject = 8D75752F2F2421DF00532147 /* Project object */;
}
